// !$*UTF8*$!
{
	archiveVersion = 1;
	classes = {
	};
	objectVersion = 56;
	objects = {

/* Begin PBXBuildFile section */
		9E53FB342B7F87BA00C55A45 /* AppDelegate.swift in Sources */ = {isa = PBXBuildFile; fileRef = 9E53FB332B7F87BA00C55A45 /* AppDelegate.swift */; };
		9E53FB362B7F87BA00C55A45 /* SceneDelegate.swift in Sources */ = {isa = PBXBuildFile; fileRef = 9E53FB352B7F87BA00C55A45 /* SceneDelegate.swift */; };
		9E53FB382B7F87BA00C55A45 /* ViewController.swift in Sources */ = {isa = PBXBuildFile; fileRef = 9E53FB372B7F87BA00C55A45 /* ViewController.swift */; };
		9E53FB3B2B7F87BA00C55A45 /* Main.storyboard in Resources */ = {isa = PBXBuildFile; fileRef = 9E53FB392B7F87BA00C55A45 /* Main.storyboard */; };
		9E53FB402B7F87BB00C55A45 /* LaunchScreen.storyboard in Resources */ = {isa = PBXBuildFile; fileRef = 9E53FB3E2B7F87BB00C55A45 /* LaunchScreen.storyboard */; };
		9E53FB4C2B7F950400C55A45 /* UIView+Extension.swift in Sources */ = {isa = PBXBuildFile; fileRef = 9E53FB4B2B7F950400C55A45 /* UIView+Extension.swift */; };
		9E53FB4E2B7F950B00C55A45 /* Color+Extension.swift in Sources */ = {isa = PBXBuildFile; fileRef = 9E53FB4D2B7F950B00C55A45 /* Color+Extension.swift */; };
		9E53FB502B7F951000C55A45 /* UIColor+Extension.swift in Sources */ = {isa = PBXBuildFile; fileRef = 9E53FB4F2B7F951000C55A45 /* UIColor+Extension.swift */; };
		9E53FB522B7F951400C55A45 /* String+Ext.swift in Sources */ = {isa = PBXBuildFile; fileRef = 9E53FB512B7F951400C55A45 /* String+Ext.swift */; };
		9E5B74CC2B7F963100E2BDE6 /* PinLayout in Frameworks */ = {isa = PBXBuildFile; productRef = 9E5B74CB2B7F963100E2BDE6 /* PinLayout */; };
		9E5B74CE2B7F966100E2BDE6 /* Assets.xcassets in Resources */ = {isa = PBXBuildFile; fileRef = 9E5B74CD2B7F966100E2BDE6 /* Assets.xcassets */; };
		9E5B74D22B7F973500E2BDE6 /* WelcomeScreenViewController.swift in Sources */ = {isa = PBXBuildFile; fileRef = 9E5B74D12B7F973500E2BDE6 /* WelcomeScreenViewController.swift */; };
/* End PBXBuildFile section */

/* Begin PBXFileReference section */
		9E53FB302B7F87BA00C55A45 /* Everyday.app */ = {isa = PBXFileReference; explicitFileType = wrapper.application; includeInIndex = 0; path = Everyday.app; sourceTree = BUILT_PRODUCTS_DIR; };
		9E53FB332B7F87BA00C55A45 /* AppDelegate.swift */ = {isa = PBXFileReference; lastKnownFileType = sourcecode.swift; path = AppDelegate.swift; sourceTree = "<group>"; };
		9E53FB352B7F87BA00C55A45 /* SceneDelegate.swift */ = {isa = PBXFileReference; lastKnownFileType = sourcecode.swift; path = SceneDelegate.swift; sourceTree = "<group>"; };
		9E53FB372B7F87BA00C55A45 /* ViewController.swift */ = {isa = PBXFileReference; lastKnownFileType = sourcecode.swift; path = ViewController.swift; sourceTree = "<group>"; };
		9E53FB3A2B7F87BA00C55A45 /* Base */ = {isa = PBXFileReference; lastKnownFileType = file.storyboard; name = Base; path = Base.lproj/Main.storyboard; sourceTree = "<group>"; };
		9E53FB3F2B7F87BB00C55A45 /* Base */ = {isa = PBXFileReference; lastKnownFileType = file.storyboard; name = Base; path = Base.lproj/LaunchScreen.storyboard; sourceTree = "<group>"; };
		9E53FB412B7F87BB00C55A45 /* Info.plist */ = {isa = PBXFileReference; lastKnownFileType = text.plist.xml; path = Info.plist; sourceTree = "<group>"; };
		9E53FB4B2B7F950400C55A45 /* UIView+Extension.swift */ = {isa = PBXFileReference; fileEncoding = 4; lastKnownFileType = sourcecode.swift; path = "UIView+Extension.swift"; sourceTree = "<group>"; };
		9E53FB4D2B7F950B00C55A45 /* Color+Extension.swift */ = {isa = PBXFileReference; fileEncoding = 4; lastKnownFileType = sourcecode.swift; path = "Color+Extension.swift"; sourceTree = "<group>"; };
		9E53FB4F2B7F951000C55A45 /* UIColor+Extension.swift */ = {isa = PBXFileReference; fileEncoding = 4; lastKnownFileType = sourcecode.swift; path = "UIColor+Extension.swift"; sourceTree = "<group>"; };
		9E53FB512B7F951400C55A45 /* String+Ext.swift */ = {isa = PBXFileReference; fileEncoding = 4; lastKnownFileType = sourcecode.swift; path = "String+Ext.swift"; sourceTree = "<group>"; };
		9E5B74CD2B7F966100E2BDE6 /* Assets.xcassets */ = {isa = PBXFileReference; lastKnownFileType = folder.assetcatalog; path = Assets.xcassets; sourceTree = "<group>"; };
		9E5B74D12B7F973500E2BDE6 /* WelcomeScreenViewController.swift */ = {isa = PBXFileReference; lastKnownFileType = sourcecode.swift; path = WelcomeScreenViewController.swift; sourceTree = "<group>"; };
/* End PBXFileReference section */

/* Begin PBXFrameworksBuildPhase section */
		9E53FB2D2B7F87BA00C55A45 /* Frameworks */ = {
			isa = PBXFrameworksBuildPhase;
			buildActionMask = 2147483647;
			files = (
				9E5B74CC2B7F963100E2BDE6 /* PinLayout in Frameworks */,
			);
			runOnlyForDeploymentPostprocessing = 0;
		};
/* End PBXFrameworksBuildPhase section */

/* Begin PBXGroup section */
		9E53FB272B7F87BA00C55A45 = {
			isa = PBXGroup;
			children = (
				9E53FB322B7F87BA00C55A45 /* Everyday */,
				9E53FB312B7F87BA00C55A45 /* Products */,
			);
			sourceTree = "<group>";
		};
		9E53FB312B7F87BA00C55A45 /* Products */ = {
			isa = PBXGroup;
			children = (
				9E53FB302B7F87BA00C55A45 /* Everyday.app */,
			);
			name = Products;
			sourceTree = "<group>";
		};
		9E53FB322B7F87BA00C55A45 /* Everyday */ = {
			isa = PBXGroup;
			children = (
				9E53FB4A2B7F94C200C55A45 /* Modules */,
				9E53FB492B7F94BA00C55A45 /* Extensions */,
				9E53FB482B7F94A000C55A45 /* Support */,
				9E53FB412B7F87BB00C55A45 /* Info.plist */,
			);
			path = Everyday;
			sourceTree = "<group>";
		};
		9E53FB482B7F94A000C55A45 /* Support */ = {
			isa = PBXGroup;
			children = (
				9E53FB332B7F87BA00C55A45 /* AppDelegate.swift */,
				9E53FB352B7F87BA00C55A45 /* SceneDelegate.swift */,
				9E53FB372B7F87BA00C55A45 /* ViewController.swift */,
				9E53FB392B7F87BA00C55A45 /* Main.storyboard */,
				9E5B74CD2B7F966100E2BDE6 /* Assets.xcassets */,
				9E53FB3E2B7F87BB00C55A45 /* LaunchScreen.storyboard */,
			);
			path = Support;
			sourceTree = "<group>";
		};
		9E53FB492B7F94BA00C55A45 /* Extensions */ = {
			isa = PBXGroup;
			children = (
				9E53FB512B7F951400C55A45 /* String+Ext.swift */,
				9E53FB4F2B7F951000C55A45 /* UIColor+Extension.swift */,
				9E53FB4D2B7F950B00C55A45 /* Color+Extension.swift */,
				9E53FB4B2B7F950400C55A45 /* UIView+Extension.swift */,
			);
			path = Extensions;
			sourceTree = "<group>";
		};
		9E53FB4A2B7F94C200C55A45 /* Modules */ = {
			isa = PBXGroup;
			children = (
				9E5B74CF2B7F96ED00E2BDE6 /* Authorization */,
			);
			path = Modules;
			sourceTree = "<group>";
		};
		9E5B74CF2B7F96ED00E2BDE6 /* Authorization */ = {
			isa = PBXGroup;
			children = (
				9E5B74D02B7F96FA00E2BDE6 /* WelcomeScreen */,
			);
			path = Authorization;
			sourceTree = "<group>";
		};
		9E5B74D02B7F96FA00E2BDE6 /* WelcomeScreen */ = {
			isa = PBXGroup;
			children = (
				9E5B74D12B7F973500E2BDE6 /* WelcomeScreenViewController.swift */,
			);
			path = WelcomeScreen;
			sourceTree = "<group>";
		};
/* End PBXGroup section */

/* Begin PBXNativeTarget section */
		9E53FB2F2B7F87BA00C55A45 /* Everyday */ = {
			isa = PBXNativeTarget;
			buildConfigurationList = 9E53FB442B7F87BB00C55A45 /* Build configuration list for PBXNativeTarget "Everyday" */;
			buildPhases = (
				9E53FB2C2B7F87BA00C55A45 /* Sources */,
				9E53FB2D2B7F87BA00C55A45 /* Frameworks */,
				9E53FB2E2B7F87BA00C55A45 /* Resources */,
				9E53FB472B7F88A800C55A45 /* ShellScript */,
			);
			buildRules = (
			);
			dependencies = (
			);
			name = Everyday;
			packageProductDependencies = (
				9E5B74CB2B7F963100E2BDE6 /* PinLayout */,
			);
			productName = Everyday;
			productReference = 9E53FB302B7F87BA00C55A45 /* Everyday.app */;
			productType = "com.apple.product-type.application";
		};
/* End PBXNativeTarget section */

/* Begin PBXProject section */
		9E53FB282B7F87BA00C55A45 /* Project object */ = {
			isa = PBXProject;
			attributes = {
				BuildIndependentTargetsInParallel = 1;
				LastSwiftUpdateCheck = 1500;
				LastUpgradeCheck = 1500;
				TargetAttributes = {
					9E53FB2F2B7F87BA00C55A45 = {
						CreatedOnToolsVersion = 15.0;
					};
				};
			};
			buildConfigurationList = 9E53FB2B2B7F87BA00C55A45 /* Build configuration list for PBXProject "Everyday" */;
			compatibilityVersion = "Xcode 14.0";
			developmentRegion = en;
			hasScannedForEncodings = 0;
			knownRegions = (
				en,
				Base,
			);
			mainGroup = 9E53FB272B7F87BA00C55A45;
			packageReferences = (
				9E5B74CA2B7F963100E2BDE6 /* XCRemoteSwiftPackageReference "PinLayout" */,
			);
			productRefGroup = 9E53FB312B7F87BA00C55A45 /* Products */;
			projectDirPath = "";
			projectRoot = "";
			targets = (
				9E53FB2F2B7F87BA00C55A45 /* Everyday */,
			);
		};
/* End PBXProject section */

/* Begin PBXResourcesBuildPhase section */
		9E53FB2E2B7F87BA00C55A45 /* Resources */ = {
			isa = PBXResourcesBuildPhase;
			buildActionMask = 2147483647;
			files = (
				9E53FB402B7F87BB00C55A45 /* LaunchScreen.storyboard in Resources */,
				9E5B74CE2B7F966100E2BDE6 /* Assets.xcassets in Resources */,
				9E53FB3B2B7F87BA00C55A45 /* Main.storyboard in Resources */,
			);
			runOnlyForDeploymentPostprocessing = 0;
		};
/* End PBXResourcesBuildPhase section */

/* Begin PBXShellScriptBuildPhase section */
		9E53FB472B7F88A800C55A45 /* ShellScript */ = {
			isa = PBXShellScriptBuildPhase;
			alwaysOutOfDate = 1;
			buildActionMask = 2147483647;
			files = (
			);
			inputFileListPaths = (
			);
			inputPaths = (
			);
			outputFileListPaths = (
			);
			outputPaths = (
			);
			runOnlyForDeploymentPostprocessing = 0;
			shellPath = /bin/sh;
			shellScript = "if test -d \"/opt/homebrew/bin/\"; then\n  PATH=\"/opt/homebrew/bin/:${PATH}\"\nfi\n\nexport PATH\n\nif which swiftlint >/dev/null; then\n  swiftlint\nelse\n  echo \"поставьте SwiftLint\"\n  exit 1\nfi\n";
		};
/* End PBXShellScriptBuildPhase section */

/* Begin PBXSourcesBuildPhase section */
		9E53FB2C2B7F87BA00C55A45 /* Sources */ = {
			isa = PBXSourcesBuildPhase;
			buildActionMask = 2147483647;
			files = (
				9E53FB382B7F87BA00C55A45 /* ViewController.swift in Sources */,
				9E53FB522B7F951400C55A45 /* String+Ext.swift in Sources */,
				9E53FB4E2B7F950B00C55A45 /* Color+Extension.swift in Sources */,
				9E53FB342B7F87BA00C55A45 /* AppDelegate.swift in Sources */,
				9E53FB502B7F951000C55A45 /* UIColor+Extension.swift in Sources */,
				9E5B74D22B7F973500E2BDE6 /* WelcomeScreenViewController.swift in Sources */,
				9E53FB4C2B7F950400C55A45 /* UIView+Extension.swift in Sources */,
				9E53FB362B7F87BA00C55A45 /* SceneDelegate.swift in Sources */,
			);
			runOnlyForDeploymentPostprocessing = 0;
		};
/* End PBXSourcesBuildPhase section */

/* Begin PBXVariantGroup section */
		9E53FB392B7F87BA00C55A45 /* Main.storyboard */ = {
			isa = PBXVariantGroup;
			children = (
				9E53FB3A2B7F87BA00C55A45 /* Base */,
			);
			name = Main.storyboard;
			sourceTree = "<group>";
		};
		9E53FB3E2B7F87BB00C55A45 /* LaunchScreen.storyboard */ = {
			isa = PBXVariantGroup;
			children = (
				9E53FB3F2B7F87BB00C55A45 /* Base */,
			);
			name = LaunchScreen.storyboard;
			sourceTree = "<group>";
		};
/* End PBXVariantGroup section */

/* Begin XCBuildConfiguration section */
		9E53FB422B7F87BB00C55A45 /* Debug */ = {
			isa = XCBuildConfiguration;
			buildSettings = {
				ALWAYS_SEARCH_USER_PATHS = NO;
				ASSETCATALOG_COMPILER_GENERATE_SWIFT_ASSET_SYMBOL_EXTENSIONS = YES;
				CLANG_ANALYZER_NONNULL = YES;
				CLANG_ANALYZER_NUMBER_OBJECT_CONVERSION = YES_AGGRESSIVE;
				CLANG_CXX_LANGUAGE_STANDARD = "gnu++20";
				CLANG_ENABLE_MODULES = YES;
				CLANG_ENABLE_OBJC_ARC = YES;
				CLANG_ENABLE_OBJC_WEAK = YES;
				CLANG_WARN_BLOCK_CAPTURE_AUTORELEASING = YES;
				CLANG_WARN_BOOL_CONVERSION = YES;
				CLANG_WARN_COMMA = YES;
				CLANG_WARN_CONSTANT_CONVERSION = YES;
				CLANG_WARN_DEPRECATED_OBJC_IMPLEMENTATIONS = YES;
				CLANG_WARN_DIRECT_OBJC_ISA_USAGE = YES_ERROR;
				CLANG_WARN_DOCUMENTATION_COMMENTS = YES;
				CLANG_WARN_EMPTY_BODY = YES;
				CLANG_WARN_ENUM_CONVERSION = YES;
				CLANG_WARN_INFINITE_RECURSION = YES;
				CLANG_WARN_INT_CONVERSION = YES;
				CLANG_WARN_NON_LITERAL_NULL_CONVERSION = YES;
				CLANG_WARN_OBJC_IMPLICIT_RETAIN_SELF = YES;
				CLANG_WARN_OBJC_LITERAL_CONVERSION = YES;
				CLANG_WARN_OBJC_ROOT_CLASS = YES_ERROR;
				CLANG_WARN_QUOTED_INCLUDE_IN_FRAMEWORK_HEADER = YES;
				CLANG_WARN_RANGE_LOOP_ANALYSIS = YES;
				CLANG_WARN_STRICT_PROTOTYPES = YES;
				CLANG_WARN_SUSPICIOUS_MOVE = YES;
				CLANG_WARN_UNGUARDED_AVAILABILITY = YES_AGGRESSIVE;
				CLANG_WARN_UNREACHABLE_CODE = YES;
				CLANG_WARN__DUPLICATE_METHOD_MATCH = YES;
				COPY_PHASE_STRIP = NO;
				DEBUG_INFORMATION_FORMAT = dwarf;
				ENABLE_STRICT_OBJC_MSGSEND = YES;
				ENABLE_TESTABILITY = YES;
				ENABLE_USER_SCRIPT_SANDBOXING = YES;
				GCC_C_LANGUAGE_STANDARD = gnu17;
				GCC_DYNAMIC_NO_PIC = NO;
				GCC_NO_COMMON_BLOCKS = YES;
				GCC_OPTIMIZATION_LEVEL = 0;
				GCC_PREPROCESSOR_DEFINITIONS = (
					"DEBUG=1",
					"$(inherited)",
				);
				GCC_WARN_64_TO_32_BIT_CONVERSION = YES;
				GCC_WARN_ABOUT_RETURN_TYPE = YES_ERROR;
				GCC_WARN_UNDECLARED_SELECTOR = YES;
				GCC_WARN_UNINITIALIZED_AUTOS = YES_AGGRESSIVE;
				GCC_WARN_UNUSED_FUNCTION = YES;
				GCC_WARN_UNUSED_VARIABLE = YES;
				IPHONEOS_DEPLOYMENT_TARGET = 17.0;
				LOCALIZATION_PREFERS_STRING_CATALOGS = YES;
				MTL_ENABLE_DEBUG_INFO = INCLUDE_SOURCE;
				MTL_FAST_MATH = YES;
				ONLY_ACTIVE_ARCH = YES;
				SDKROOT = iphoneos;
				SWIFT_ACTIVE_COMPILATION_CONDITIONS = "DEBUG $(inherited)";
				SWIFT_OPTIMIZATION_LEVEL = "-Onone";
			};
			name = Debug;
		};
		9E53FB432B7F87BB00C55A45 /* Release */ = {
			isa = XCBuildConfiguration;
			buildSettings = {
				ALWAYS_SEARCH_USER_PATHS = NO;
				ASSETCATALOG_COMPILER_GENERATE_SWIFT_ASSET_SYMBOL_EXTENSIONS = YES;
				CLANG_ANALYZER_NONNULL = YES;
				CLANG_ANALYZER_NUMBER_OBJECT_CONVERSION = YES_AGGRESSIVE;
				CLANG_CXX_LANGUAGE_STANDARD = "gnu++20";
				CLANG_ENABLE_MODULES = YES;
				CLANG_ENABLE_OBJC_ARC = YES;
				CLANG_ENABLE_OBJC_WEAK = YES;
				CLANG_WARN_BLOCK_CAPTURE_AUTORELEASING = YES;
				CLANG_WARN_BOOL_CONVERSION = YES;
				CLANG_WARN_COMMA = YES;
				CLANG_WARN_CONSTANT_CONVERSION = YES;
				CLANG_WARN_DEPRECATED_OBJC_IMPLEMENTATIONS = YES;
				CLANG_WARN_DIRECT_OBJC_ISA_USAGE = YES_ERROR;
				CLANG_WARN_DOCUMENTATION_COMMENTS = YES;
				CLANG_WARN_EMPTY_BODY = YES;
				CLANG_WARN_ENUM_CONVERSION = YES;
				CLANG_WARN_INFINITE_RECURSION = YES;
				CLANG_WARN_INT_CONVERSION = YES;
				CLANG_WARN_NON_LITERAL_NULL_CONVERSION = YES;
				CLANG_WARN_OBJC_IMPLICIT_RETAIN_SELF = YES;
				CLANG_WARN_OBJC_LITERAL_CONVERSION = YES;
				CLANG_WARN_OBJC_ROOT_CLASS = YES_ERROR;
				CLANG_WARN_QUOTED_INCLUDE_IN_FRAMEWORK_HEADER = YES;
				CLANG_WARN_RANGE_LOOP_ANALYSIS = YES;
				CLANG_WARN_STRICT_PROTOTYPES = YES;
				CLANG_WARN_SUSPICIOUS_MOVE = YES;
				CLANG_WARN_UNGUARDED_AVAILABILITY = YES_AGGRESSIVE;
				CLANG_WARN_UNREACHABLE_CODE = YES;
				CLANG_WARN__DUPLICATE_METHOD_MATCH = YES;
				COPY_PHASE_STRIP = NO;
				DEBUG_INFORMATION_FORMAT = "dwarf-with-dsym";
				ENABLE_NS_ASSERTIONS = NO;
				ENABLE_STRICT_OBJC_MSGSEND = YES;
				ENABLE_USER_SCRIPT_SANDBOXING = YES;
				GCC_C_LANGUAGE_STANDARD = gnu17;
				GCC_NO_COMMON_BLOCKS = YES;
				GCC_WARN_64_TO_32_BIT_CONVERSION = YES;
				GCC_WARN_ABOUT_RETURN_TYPE = YES_ERROR;
				GCC_WARN_UNDECLARED_SELECTOR = YES;
				GCC_WARN_UNINITIALIZED_AUTOS = YES_AGGRESSIVE;
				GCC_WARN_UNUSED_FUNCTION = YES;
				GCC_WARN_UNUSED_VARIABLE = YES;
				IPHONEOS_DEPLOYMENT_TARGET = 17.0;
				LOCALIZATION_PREFERS_STRING_CATALOGS = YES;
				MTL_ENABLE_DEBUG_INFO = NO;
				MTL_FAST_MATH = YES;
				SDKROOT = iphoneos;
				SWIFT_COMPILATION_MODE = wholemodule;
				VALIDATE_PRODUCT = YES;
			};
			name = Release;
		};
		9E53FB452B7F87BB00C55A45 /* Debug */ = {
			isa = XCBuildConfiguration;
			buildSettings = {
				ASSETCATALOG_COMPILER_APPICON_NAME = AppIcon;
				ASSETCATALOG_COMPILER_GLOBAL_ACCENT_COLOR_NAME = AccentColor;
				CODE_SIGN_STYLE = Automatic;
				CURRENT_PROJECT_VERSION = 1;
				DEVELOPMENT_TEAM = 72F47Y7J7T;
				ENABLE_USER_SCRIPT_SANDBOXING = NO;
				GENERATE_INFOPLIST_FILE = YES;
				INFOPLIST_FILE = Everyday/Info.plist;
				INFOPLIST_KEY_UIApplicationSupportsIndirectInputEvents = YES;
				INFOPLIST_KEY_UILaunchStoryboardName = LaunchScreen;
				INFOPLIST_KEY_UIMainStoryboardFile = Main;
				INFOPLIST_KEY_UISupportedInterfaceOrientations_iPad = "UIInterfaceOrientationPortrait UIInterfaceOrientationPortraitUpsideDown UIInterfaceOrientationLandscapeLeft UIInterfaceOrientationLandscapeRight";
				INFOPLIST_KEY_UISupportedInterfaceOrientations_iPhone = "UIInterfaceOrientationPortrait UIInterfaceOrientationLandscapeLeft UIInterfaceOrientationLandscapeRight";
				IPHONEOS_DEPLOYMENT_TARGET = 16.6;
				LD_RUNPATH_SEARCH_PATHS = (
					"$(inherited)",
					"@executable_path/Frameworks",
				);
				MARKETING_VERSION = 1.0;
				PRODUCT_BUNDLE_IDENTIFIER = ru.tech.Everyday;
				PRODUCT_NAME = "$(TARGET_NAME)";
				SWIFT_EMIT_LOC_STRINGS = YES;
				SWIFT_VERSION = 5.0;
				TARGETED_DEVICE_FAMILY = "1,2";
			};
			name = Debug;
		};
		9E53FB462B7F87BB00C55A45 /* Release */ = {
			isa = XCBuildConfiguration;
			buildSettings = {
				ASSETCATALOG_COMPILER_APPICON_NAME = AppIcon;
				ASSETCATALOG_COMPILER_GLOBAL_ACCENT_COLOR_NAME = AccentColor;
				CODE_SIGN_STYLE = Automatic;
				CURRENT_PROJECT_VERSION = 1;
				DEVELOPMENT_TEAM = 72F47Y7J7T;
				ENABLE_USER_SCRIPT_SANDBOXING = NO;
				GENERATE_INFOPLIST_FILE = YES;
				INFOPLIST_FILE = Everyday/Info.plist;
				INFOPLIST_KEY_UIApplicationSupportsIndirectInputEvents = YES;
				INFOPLIST_KEY_UILaunchStoryboardName = LaunchScreen;
				INFOPLIST_KEY_UIMainStoryboardFile = Main;
				INFOPLIST_KEY_UISupportedInterfaceOrientations_iPad = "UIInterfaceOrientationPortrait UIInterfaceOrientationPortraitUpsideDown UIInterfaceOrientationLandscapeLeft UIInterfaceOrientationLandscapeRight";
				INFOPLIST_KEY_UISupportedInterfaceOrientations_iPhone = "UIInterfaceOrientationPortrait UIInterfaceOrientationLandscapeLeft UIInterfaceOrientationLandscapeRight";
				IPHONEOS_DEPLOYMENT_TARGET = 16.6;
				LD_RUNPATH_SEARCH_PATHS = (
					"$(inherited)",
					"@executable_path/Frameworks",
				);
				MARKETING_VERSION = 1.0;
				PRODUCT_BUNDLE_IDENTIFIER = ru.tech.Everyday;
				PRODUCT_NAME = "$(TARGET_NAME)";
				SWIFT_EMIT_LOC_STRINGS = YES;
				SWIFT_VERSION = 5.0;
				TARGETED_DEVICE_FAMILY = "1,2";
			};
			name = Release;
		};
/* End XCBuildConfiguration section */

/* Begin XCConfigurationList section */
		9E53FB2B2B7F87BA00C55A45 /* Build configuration list for PBXProject "Everyday" */ = {
			isa = XCConfigurationList;
			buildConfigurations = (
				9E53FB422B7F87BB00C55A45 /* Debug */,
				9E53FB432B7F87BB00C55A45 /* Release */,
			);
			defaultConfigurationIsVisible = 0;
			defaultConfigurationName = Release;
		};
		9E53FB442B7F87BB00C55A45 /* Build configuration list for PBXNativeTarget "Everyday" */ = {
			isa = XCConfigurationList;
			buildConfigurations = (
				9E53FB452B7F87BB00C55A45 /* Debug */,
				9E53FB462B7F87BB00C55A45 /* Release */,
			);
			defaultConfigurationIsVisible = 0;
			defaultConfigurationName = Release;
		};
/* End XCConfigurationList section */

/* Begin XCRemoteSwiftPackageReference section */
		9E5B74CA2B7F963100E2BDE6 /* XCRemoteSwiftPackageReference "PinLayout" */ = {
			isa = XCRemoteSwiftPackageReference;
			repositoryURL = "https://github.com/layoutBox/PinLayout";
			requirement = {
				kind = upToNextMajorVersion;
				minimumVersion = 1.10.5;
			};
		};
/* End XCRemoteSwiftPackageReference section */

/* Begin XCSwiftPackageProductDependency section */
		9E5B74CB2B7F963100E2BDE6 /* PinLayout */ = {
			isa = XCSwiftPackageProductDependency;
			package = 9E5B74CA2B7F963100E2BDE6 /* XCRemoteSwiftPackageReference "PinLayout" */;
			productName = PinLayout;
		};
/* End XCSwiftPackageProductDependency section */
	};
	rootObject = 9E53FB282B7F87BA00C55A45 /* Project object */;
}
